
Microsoft Visual Studio Solution File, Format Version 12.00
# Visual Studio Version 17
VisualStudioVersion = 17.0.31903.59
MinimumVisualStudioVersion = 10.0.40219.1
Project("{2150E333-8FDC-42A3-9474-1A3956D46DE8}") = "src", "src", "{827E0CD3-B72D-47B6-A68D-7590B98EB39B}"
EndProject
Project("{FAE04EC0-301F-11D3-BF4B-00C04F79EFBC}") = "FileVault.Shared", "src\FileVault.Shared\FileVault.Shared.csproj", "{B2C42CE2-D1B4-4707-8495-A3EB6678D321}"
EndProject
Project("{FAE04EC0-301F-11D3-BF4B-00C04F79EFBC}") = "FileVault.Service", "src\FileVault.Service\FileVault.Service.csproj", "{410C005A-835A-4ACE-B9B5-8C0C483E72FE}"
EndProject
Project("{2150E333-8FDC-42A3-9474-1A3956D46DE8}") = "tests", "tests", "{0AB3BF05-4346-4AA6-1389-037BE0695223}"
EndProject
Project("{FAE04EC0-301F-11D3-BF4B-00C04F79EFBC}") = "FileVault.Service.Tests", "tests\FileVault.Service.Tests\FileVault.Service.Tests.csproj", "{3CD08FC5-06FB-40D3-81E2-2E9E7D3BDA4E}"
EndProject
Project("{FAE04EC0-301F-11D3-BF4B-00C04F79EFBC}") = "FileVault.UI", "src\FileVault.UI\FileVault.UI.csproj", "{D250060A-B930-4B3C-81E9-7D81246E271F}"
EndProject
Project("{FAE04EC0-301F-11D3-BF4B-00C04F79EFBC}") = "FileVault.UI.Tests", "tests\FileVault.UI.Tests\FileVault.UI.Tests.csproj", "{B5AEC59C-9791-4F56-89C0-C9DBE6F0E013}"
EndProject
Project("{FAE04EC0-301F-11D3-BF4B-00C04F79EFBC}") = "FileVault.Web", "src\FileVault.Web\FileVault.Web.csproj", "{A1B2C3D4-E5F6-7890-ABCD-EF1234567890}"
EndProject
Project("{FAE04EC0-301F-11D3-BF4B-00C04F79EFBC}") = "FileVault.Web.Tests", "tests\FileVault.Web.Tests\FileVault.Web.Tests.csproj", "{F0E1D2C3-B4A5-6789-0123-456789ABCDEF}"
EndProject
Global
	GlobalSection(SolutionConfigurationPlatforms) = preSolution
		Debug|Any CPU = Debug|Any CPU
		Debug|x64 = Debug|x64
		Debug|x86 = Debug|x86
		Release|Any CPU = Release|Any CPU
		Release|x64 = Release|x64
		Release|x86 = Release|x86
	EndGlobalSection
	GlobalSection(ProjectConfigurationPlatforms) = postSolution
		{B2C42CE2-D1B4-4707-8495-A3EB6678D321}.Debug|Any CPU.ActiveCfg = Debug|Any CPU
		{B2C42CE2-D1B4-4707-8495-A3EB6678D321}.Debug|Any CPU.Build.0 = Debug|Any CPU
		{B2C42CE2-D1B4-4707-8495-A3EB6678D321}.Debug|x64.ActiveCfg = Debug|Any CPU
		{B2C42CE2-D1B4-4707-8495-A3EB6678D321}.Debug|x64.Build.0 = Debug|Any CPU
		{B2C42CE2-D1B4-4707-8495-A3EB6678D321}.Debug|x86.ActiveCfg = Debug|Any CPU
		{B2C42CE2-D1B4-4707-8495-A3EB6678D321}.Debug|x86.Build.0 = Debug|Any CPU
		{B2C42CE2-D1B4-4707-8495-A3EB6678D321}.Release|Any CPU.ActiveCfg = Release|Any CPU
		{B2C42CE2-D1B4-4707-8495-A3EB6678D321}.Release|Any CPU.Build.0 = Release|Any CPU
		{B2C42CE2-D1B4-4707-8495-A3EB6678D321}.Release|x64.ActiveCfg = Release|Any CPU
		{B2C42CE2-D1B4-4707-8495-A3EB6678D321}.Release|x64.Build.0 = Release|Any CPU
		{B2C42CE2-D1B4-4707-8495-A3EB6678D321}.Release|x86.ActiveCfg = Release|Any CPU
		{B2C42CE2-D1B4-4707-8495-A3EB6678D321}.Release|x86.Build.0 = Release|Any CPU
		{410C005A-835A-4ACE-B9B5-8C0C483E72FE}.Debug|Any CPU.ActiveCfg = Debug|Any CPU
		{410C005A-835A-4ACE-B9B5-8C0C483E72FE}.Debug|Any CPU.Build.0 = Debug|Any CPU
		{410C005A-835A-4ACE-B9B5-8C0C483E72FE}.Debug|x64.ActiveCfg = Debug|Any CPU
		{410C005A-835A-4ACE-B9B5-8C0C483E72FE}.Debug|x64.Build.0 = Debug|Any CPU
		{410C005A-835A-4ACE-B9B5-8C0C483E72FE}.Debug|x86.ActiveCfg = Debug|Any CPU
		{410C005A-835A-4ACE-B9B5-8C0C483E72FE}.Debug|x86.Build.0 = Debug|Any CPU
		{410C005A-835A-4ACE-B9B5-8C0C483E72FE}.Release|Any CPU.ActiveCfg = Release|Any CPU
		{410C005A-835A-4ACE-B9B5-8C0C483E72FE}.Release|Any CPU.Build.0 = Release|Any CPU
		{410C005A-835A-4ACE-B9B5-8C0C483E72FE}.Release|x64.ActiveCfg = Release|Any CPU
		{410C005A-835A-4ACE-B9B5-8C0C483E72FE}.Release|x64.Build.0 = Release|Any CPU
		{410C005A-835A-4ACE-B9B5-8C0C483E72FE}.Release|x86.ActiveCfg = Release|Any CPU
		{410C005A-835A-4ACE-B9B5-8C0C483E72FE}.Release|x86.Build.0 = Release|Any CPU
		{3CD08FC5-06FB-40D3-81E2-2E9E7D3BDA4E}.Debug|Any CPU.ActiveCfg = Debug|Any CPU
		{3CD08FC5-06FB-40D3-81E2-2E9E7D3BDA4E}.Debug|Any CPU.Build.0 = Debug|Any CPU
		{3CD08FC5-06FB-40D3-81E2-2E9E7D3BDA4E}.Debug|x64.ActiveCfg = Debug|Any CPU
		{3CD08FC5-06FB-40D3-81E2-2E9E7D3BDA4E}.Debug|x64.Build.0 = Debug|Any CPU
		{3CD08FC5-06FB-40D3-81E2-2E9E7D3BDA4E}.Debug|x86.ActiveCfg = Debug|Any CPU
		{3CD08FC5-06FB-40D3-81E2-2E9E7D3BDA4E}.Debug|x86.Build.0 = Debug|Any CPU
		{3CD08FC5-06FB-40D3-81E2-2E9E7D3BDA4E}.Release|Any CPU.ActiveCfg = Release|Any CPU
		{3CD08FC5-06FB-40D3-81E2-2E9E7D3BDA4E}.Release|Any CPU.Build.0 = Release|Any CPU
		{3CD08FC5-06FB-40D3-81E2-2E9E7D3BDA4E}.Release|x64.ActiveCfg = Release|Any CPU
		{3CD08FC5-06FB-40D3-81E2-2E9E7D3BDA4E}.Release|x64.Build.0 = Release|Any CPU
		{3CD08FC5-06FB-40D3-81E2-2E9E7D3BDA4E}.Release|x86.ActiveCfg = Release|Any CPU
		{3CD08FC5-06FB-40D3-81E2-2E9E7D3BDA4E}.Release|x86.Build.0 = Release|Any CPU
		{D250060A-B930-4B3C-81E9-7D81246E271F}.Debug|Any CPU.ActiveCfg = Debug|x86
		{D250060A-B930-4B3C-81E9-7D81246E271F}.Debug|Any CPU.Build.0 = Debug|x86
		{D250060A-B930-4B3C-81E9-7D81246E271F}.Debug|x64.ActiveCfg = Debug|x64
		{D250060A-B930-4B3C-81E9-7D81246E271F}.Debug|x64.Build.0 = Debug|x64
		{D250060A-B930-4B3C-81E9-7D81246E271F}.Debug|x86.ActiveCfg = Debug|x86
		{D250060A-B930-4B3C-81E9-7D81246E271F}.Debug|x86.Build.0 = Debug|x86
		{D250060A-B930-4B3C-81E9-7D81246E271F}.Release|Any CPU.ActiveCfg = Release|x86
		{D250060A-B930-4B3C-81E9-7D81246E271F}.Release|Any CPU.Build.0 = Release|x86
		{D250060A-B930-4B3C-81E9-7D81246E271F}.Release|x64.ActiveCfg = Release|x64
		{D250060A-B930-4B3C-81E9-7D81246E271F}.Release|x64.Build.0 = Release|x64
		{D250060A-B930-4B3C-81E9-7D81246E271F}.Release|x86.ActiveCfg = Release|x86
		{D250060A-B930-4B3C-81E9-7D81246E271F}.Release|x86.Build.0 = Release|x86
		{B5AEC59C-9791-4F56-89C0-C9DBE6F0E013}.Debug|Any CPU.ActiveCfg = Debug|x86
		{B5AEC59C-9791-4F56-89C0-C9DBE6F0E013}.Debug|Any CPU.Build.0 = Debug|x86
		{B5AEC59C-9791-4F56-89C0-C9DBE6F0E013}.Debug|x64.ActiveCfg = Debug|x64
		{B5AEC59C-9791-4F56-89C0-C9DBE6F0E013}.Debug|x64.Build.0 = Debug|x64
		{B5AEC59C-9791-4F56-89C0-C9DBE6F0E013}.Debug|x86.ActiveCfg = Debug|x86
		{B5AEC59C-9791-4F56-89C0-C9DBE6F0E013}.Debug|x86.Build.0 = Debug|x86
		{B5AEC59C-9791-4F56-89C0-C9DBE6F0E013}.Release|Any CPU.ActiveCfg = Release|x86
		{B5AEC59C-9791-4F56-89C0-C9DBE6F0E013}.Release|Any CPU.Build.0 = Release|x86
		{B5AEC59C-9791-4F56-89C0-C9DBE6F0E013}.Release|x64.ActiveCfg = Release|x64
		{B5AEC59C-9791-4F56-89C0-C9DBE6F0E013}.Release|x64.Build.0 = Release|x64
		{B5AEC59C-9791-4F56-89C0-C9DBE6F0E013}.Release|x86.ActiveCfg = Release|x86
		{B5AEC59C-9791-4F56-89C0-C9DBE6F0E013}.Release|x86.Build.0 = Release|x86
		{A1B2C3D4-E5F6-7890-ABCD-EF1234567890}.Debug|Any CPU.ActiveCfg = Debug|Any CPU
		{A1B2C3D4-E5F6-7890-ABCD-EF1234567890}.Debug|Any CPU.Build.0 = Debug|Any CPU
		{A1B2C3D4-E5F6-7890-ABCD-EF1234567890}.Debug|x64.ActiveCfg = Debug|Any CPU
		{A1B2C3D4-E5F6-7890-ABCD-EF1234567890}.Debug|x64.Build.0 = Debug|Any CPU
		{A1B2C3D4-E5F6-7890-ABCD-EF1234567890}.Debug|x86.ActiveCfg = Debug|Any CPU
		{A1B2C3D4-E5F6-7890-ABCD-EF1234567890}.Debug|x86.Build.0 = Debug|Any CPU
		{A1B2C3D4-E5F6-7890-ABCD-EF1234567890}.Release|Any CPU.ActiveCfg = Release|Any CPU
		{A1B2C3D4-E5F6-7890-ABCD-EF1234567890}.Release|Any CPU.Build.0 = Release|Any CPU
		{A1B2C3D4-E5F6-7890-ABCD-EF1234567890}.Release|x64.ActiveCfg = Release|Any CPU
		{A1B2C3D4-E5F6-7890-ABCD-EF1234567890}.Release|x64.Build.0 = Release|Any CPU
		{A1B2C3D4-E5F6-7890-ABCD-EF1234567890}.Release|x86.ActiveCfg = Release|Any CPU
		{A1B2C3D4-E5F6-7890-ABCD-EF1234567890}.Release|x86.Build.0 = Release|Any CPU
		{F0E1D2C3-B4A5-6789-0123-456789ABCDEF}.Debug|Any CPU.ActiveCfg = Debug|Any CPU
		{F0E1D2C3-B4A5-6789-0123-456789ABCDEF}.Debug|Any CPU.Build.0 = Debug|Any CPU
		{F0E1D2C3-B4A5-6789-0123-456789ABCDEF}.Debug|x64.ActiveCfg = Debug|Any CPU
		{F0E1D2C3-B4A5-6789-0123-456789ABCDEF}.Debug|x64.Build.0 = Debug|Any CPU
		{F0E1D2C3-B4A5-6789-0123-456789ABCDEF}.Debug|x86.ActiveCfg = Debug|Any CPU
		{F0E1D2C3-B4A5-6789-0123-456789ABCDEF}.Debug|x86.Build.0 = Debug|Any CPU
		{F0E1D2C3-B4A5-6789-0123-456789ABCDEF}.Release|Any CPU.ActiveCfg = Release|Any CPU
		{F0E1D2C3-B4A5-6789-0123-456789ABCDEF}.Release|Any CPU.Build.0 = Release|Any CPU
		{F0E1D2C3-B4A5-6789-0123-456789ABCDEF}.Release|x64.ActiveCfg = Release|Any CPU
		{F0E1D2C3-B4A5-6789-0123-456789ABCDEF}.Release|x64.Build.0 = Release|Any CPU
		{F0E1D2C3-B4A5-6789-0123-456789ABCDEF}.Release|x86.ActiveCfg = Release|Any CPU
		{F0E1D2C3-B4A5-6789-0123-456789ABCDEF}.Release|x86.Build.0 = Release|Any CPU
	EndGlobalSection
	GlobalSection(SolutionProperties) = preSolution
		HideSolutionNode = FALSE
	EndGlobalSection
	GlobalSection(NestedProjects) = preSolution
		{B2C42CE2-D1B4-4707-8495-A3EB6678D321} = {827E0CD3-B72D-47B6-A68D-7590B98EB39B}
		{410C005A-835A-4ACE-B9B5-8C0C483E72FE} = {827E0CD3-B72D-47B6-A68D-7590B98EB39B}
		{3CD08FC5-06FB-40D3-81E2-2E9E7D3BDA4E} = {0AB3BF05-4346-4AA6-1389-037BE0695223}
		{D250060A-B930-4B3C-81E9-7D81246E271F} = {827E0CD3-B72D-47B6-A68D-7590B98EB39B}
		{B5AEC59C-9791-4F56-89C0-C9DBE6F0E013} = {0AB3BF05-4346-4AA6-1389-037BE0695223}
		{A1B2C3D4-E5F6-7890-ABCD-EF1234567890} = {827E0CD3-B72D-47B6-A68D-7590B98EB39B}
		{F0E1D2C3-B4A5-6789-0123-456789ABCDEF} = {0AB3BF05-4346-4AA6-1389-037BE0695223}
	EndGlobalSection
EndGlobal
